
Microsoft Visual Studio Solution File, Format Version 12.00
Project("{FAE04EC0-301F-11D3-BF4B-00C04F79EFBC}") = "Grpc.Hello", "Grpc.Hello\Grpc.Hello.csproj", "{8EE2F1CA-6FF8-45D6-B946-F4DECA01C3AB}"
EndProject
Project("{FAE04EC0-301F-11D3-BF4B-00C04F79EFBC}") = "Grpc.Contract", "Grpc.Contract\Grpc.Contract.csproj", "{94F83859-C986-4FE1-80AC-BD9335B57E17}"
EndProject
Project("{FAE04EC0-301F-11D3-BF4B-00C04F79EFBC}") = "Grpc.Love", "Grpc.Love\Grpc.Love.csproj", "{DBED2CE5-C845-41B6-83DC-A1A11E5301E6}"
EndProject
Global
	GlobalSection(SolutionConfigurationPlatforms) = preSolution
		Debug|Any CPU = Debug|Any CPU
		Release|Any CPU = Release|Any CPU
	EndGlobalSection
	GlobalSection(ProjectConfigurationPlatforms) = postSolution
		{8EE2F1CA-6FF8-45D6-B946-F4DECA01C3AB}.Debug|Any CPU.ActiveCfg = Debug|Any CPU
		{8EE2F1CA-6FF8-45D6-B946-F4DECA01C3AB}.Debug|Any CPU.Build.0 = Debug|Any CPU
		{8EE2F1CA-6FF8-45D6-B946-F4DECA01C3AB}.Release|Any CPU.ActiveCfg = Release|Any CPU
		{8EE2F1CA-6FF8-45D6-B946-F4DECA01C3AB}.Release|Any CPU.Build.0 = Release|Any CPU
		{94F83859-C986-4FE1-80AC-BD9335B57E17}.Debug|Any CPU.ActiveCfg = Debug|Any CPU
		{94F83859-C986-4FE1-80AC-BD9335B57E17}.Debug|Any CPU.Build.0 = Debug|Any CPU
		{94F83859-C986-4FE1-80AC-BD9335B57E17}.Release|Any CPU.ActiveCfg = Release|Any CPU
		{94F83859-C986-4FE1-80AC-BD9335B57E17}.Release|Any CPU.Build.0 = Release|Any CPU
		{DBED2CE5-C845-41B6-83DC-A1A11E5301E6}.Debug|Any CPU.ActiveCfg = Debug|Any CPU
		{DBED2CE5-C845-41B6-83DC-A1A11E5301E6}.Debug|Any CPU.Build.0 = Debug|Any CPU
		{DBED2CE5-C845-41B6-83DC-A1A11E5301E6}.Release|Any CPU.ActiveCfg = Release|Any CPU
		{DBED2CE5-C845-41B6-83DC-A1A11E5301E6}.Release|Any CPU.Build.0 = Release|Any CPU
	EndGlobalSection
EndGlobal
